
Microsoft Visual Studio Solution File, Format Version 12.00
# Visual Studio Version 17
VisualStudioVersion = 17.0.31903.59
MinimumVisualStudioVersion = 10.0.40219.1
Project("{9A19103F-16F7-4668-BE54-9A1E7A4F7556}") = "CSharpFeatures", "CSharpFeatures\CSharpFeatures.csproj", "{E712B426-7C45-4459-9A6B-657A19D18A7F}"
EndProject
Project("{9A19103F-16F7-4668-BE54-9A1E7A4F7556}") = "DesignPatterns", "DesignPatterns\DesignPatterns.csproj", "{D2BA5B5E-929E-476D-843A-2E165B209393}"
EndProject
Project("{9A19103F-16F7-4668-BE54-9A1E7A4F7556}") = "AsyncDisposable", "AsyncDisposable\AsyncDisposable.csproj", "{0C49141C-82AF-4D26-91BF-E19BE916712E}"
EndProject
Project("{9A19103F-16F7-4668-BE54-9A1E7A4F7556}") = "OptionsPattern", "OptionsPattern\OptionsPattern.csproj", "{5103D581-E4DE-4AAB-BF16-F59A2F298B53}"
EndProject
Project("{9A19103F-16F7-4668-BE54-9A1E7A4F7556}") = "DependencyInjection", "DependencyInjection\DependencyInjection.csproj", "{D3F52F40-964A-48F3-A6A4-E1846B7D5223}"
EndProject
Project("{9A19103F-16F7-4668-BE54-9A1E7A4F7556}") = "ThreadSynchronization", "ThreadSynchronization\ThreadSynchronization.csproj", "{25BA6F8F-FD93-4C94-977A-CDA00B15CF28}"
EndProject
Project("{FAE04EC0-301F-11D3-BF4B-00C04F79EFBC}") = "Challenges", "Challenges\Challenges.csproj", "{0FCB5A71-3F9A-4E5B-8EBA-8D4BFE2D4537}"
EndProject
Project("{FAE04EC0-301F-11D3-BF4B-00C04F79EFBC}") = "CancellationToken", "CancellationToken\CancellationToken.csproj", "{421E72DF-42FF-4F91-8163-A43609706342}"
EndProject
Project("{FAE04EC0-301F-11D3-BF4B-00C04F79EFBC}") = "Decorator", "Decorator\Decorator.csproj", "{7A5622B3-B539-48AA-9032-F382A45EB4A1}"
EndProject
Project("{FAE04EC0-301F-11D3-BF4B-00C04F79EFBC}") = "HttpClientTest", "HttpClientTest\HttpClientTest.csproj", "{E989D202-693B-496E-917B-6FCEF4208404}"
EndProject
Global
	GlobalSection(SolutionConfigurationPlatforms) = preSolution
		Debug|Any CPU = Debug|Any CPU
		Release|Any CPU = Release|Any CPU
	EndGlobalSection
	GlobalSection(ProjectConfigurationPlatforms) = postSolution
		{E712B426-7C45-4459-9A6B-657A19D18A7F}.Debug|Any CPU.ActiveCfg = Debug|Any CPU
		{E712B426-7C45-4459-9A6B-657A19D18A7F}.Debug|Any CPU.Build.0 = Debug|Any CPU
		{E712B426-7C45-4459-9A6B-657A19D18A7F}.Release|Any CPU.ActiveCfg = Release|Any CPU
		{E712B426-7C45-4459-9A6B-657A19D18A7F}.Release|Any CPU.Build.0 = Release|Any CPU
		{D2BA5B5E-929E-476D-843A-2E165B209393}.Debug|Any CPU.ActiveCfg = Debug|Any CPU
		{D2BA5B5E-929E-476D-843A-2E165B209393}.Debug|Any CPU.Build.0 = Debug|Any CPU
		{D2BA5B5E-929E-476D-843A-2E165B209393}.Release|Any CPU.ActiveCfg = Release|Any CPU
		{D2BA5B5E-929E-476D-843A-2E165B209393}.Release|Any CPU.Build.0 = Release|Any CPU
		{0C49141C-82AF-4D26-91BF-E19BE916712E}.Debug|Any CPU.ActiveCfg = Debug|Any CPU
		{0C49141C-82AF-4D26-91BF-E19BE916712E}.Debug|Any CPU.Build.0 = Debug|Any CPU
		{0C49141C-82AF-4D26-91BF-E19BE916712E}.Release|Any CPU.ActiveCfg = Release|Any CPU
		{0C49141C-82AF-4D26-91BF-E19BE916712E}.Release|Any CPU.Build.0 = Release|Any CPU
		{5103D581-E4DE-4AAB-BF16-F59A2F298B53}.Debug|Any CPU.ActiveCfg = Debug|Any CPU
		{5103D581-E4DE-4AAB-BF16-F59A2F298B53}.Debug|Any CPU.Build.0 = Debug|Any CPU
		{5103D581-E4DE-4AAB-BF16-F59A2F298B53}.Release|Any CPU.ActiveCfg = Release|Any CPU
		{5103D581-E4DE-4AAB-BF16-F59A2F298B53}.Release|Any CPU.Build.0 = Release|Any CPU
		{D3F52F40-964A-48F3-A6A4-E1846B7D5223}.Debug|Any CPU.ActiveCfg = Debug|Any CPU
		{D3F52F40-964A-48F3-A6A4-E1846B7D5223}.Debug|Any CPU.Build.0 = Debug|Any CPU
		{D3F52F40-964A-48F3-A6A4-E1846B7D5223}.Release|Any CPU.ActiveCfg = Release|Any CPU
		{D3F52F40-964A-48F3-A6A4-E1846B7D5223}.Release|Any CPU.Build.0 = Release|Any CPU
		{25BA6F8F-FD93-4C94-977A-CDA00B15CF28}.Debug|Any CPU.ActiveCfg = Debug|Any CPU
		{25BA6F8F-FD93-4C94-977A-CDA00B15CF28}.Debug|Any CPU.Build.0 = Debug|Any CPU
		{25BA6F8F-FD93-4C94-977A-CDA00B15CF28}.Release|Any CPU.ActiveCfg = Release|Any CPU
		{25BA6F8F-FD93-4C94-977A-CDA00B15CF28}.Release|Any CPU.Build.0 = Release|Any CPU
		{0FCB5A71-3F9A-4E5B-8EBA-8D4BFE2D4537}.Debug|Any CPU.ActiveCfg = Debug|Any CPU
		{0FCB5A71-3F9A-4E5B-8EBA-8D4BFE2D4537}.Debug|Any CPU.Build.0 = Debug|Any CPU
		{0FCB5A71-3F9A-4E5B-8EBA-8D4BFE2D4537}.Release|Any CPU.ActiveCfg = Release|Any CPU
		{0FCB5A71-3F9A-4E5B-8EBA-8D4BFE2D4537}.Release|Any CPU.Build.0 = Release|Any CPU
		{421E72DF-42FF-4F91-8163-A43609706342}.Debug|Any CPU.ActiveCfg = Debug|Any CPU
		{421E72DF-42FF-4F91-8163-A43609706342}.Debug|Any CPU.Build.0 = Debug|Any CPU
		{421E72DF-42FF-4F91-8163-A43609706342}.Release|Any CPU.ActiveCfg = Release|Any CPU
		{421E72DF-42FF-4F91-8163-A43609706342}.Release|Any CPU.Build.0 = Release|Any CPU
		{7A5622B3-B539-48AA-9032-F382A45EB4A1}.Debug|Any CPU.ActiveCfg = Debug|Any CPU
		{7A5622B3-B539-48AA-9032-F382A45EB4A1}.Debug|Any CPU.Build.0 = Debug|Any CPU
		{7A5622B3-B539-48AA-9032-F382A45EB4A1}.Release|Any CPU.ActiveCfg = Release|Any CPU
		{7A5622B3-B539-48AA-9032-F382A45EB4A1}.Release|Any CPU.Build.0 = Release|Any CPU
		{E989D202-693B-496E-917B-6FCEF4208404}.Debug|Any CPU.ActiveCfg = Debug|Any CPU
		{E989D202-693B-496E-917B-6FCEF4208404}.Debug|Any CPU.Build.0 = Debug|Any CPU
		{E989D202-693B-496E-917B-6FCEF4208404}.Release|Any CPU.ActiveCfg = Release|Any CPU
		{E989D202-693B-496E-917B-6FCEF4208404}.Release|Any CPU.Build.0 = Release|Any CPU
	EndGlobalSection
	GlobalSection(SolutionProperties) = preSolution
		HideSolutionNode = FALSE
	EndGlobalSection
	GlobalSection(ExtensibilityGlobals) = postSolution
		SolutionGuid = {B72BD501-E593-4266-9186-F038813CF541}
	EndGlobalSection
EndGlobal
